// !$*UTF8*$!
{
	archiveVersion = 1;
	classes = {
	};
	objectVersion = 56;
	objects = {

/* Begin PBXBuildFile section */
		312EA2B02B5A5D7E0099D628 /* IOS_A01_1App.swift in Sources */ = {isa = PBXBuildFile; fileRef = 312EA2AF2B5A5D7E0099D628 /* IOS_A01_1App.swift */; };
		312EA2B22B5A5D7E0099D628 /* ContentView.swift in Sources */ = {isa = PBXBuildFile; fileRef = 312EA2B12B5A5D7E0099D628 /* ContentView.swift */; };
		312EA2B42B5A5D810099D628 /* Assets.xcassets in Resources */ = {isa = PBXBuildFile; fileRef = 312EA2B32B5A5D810099D628 /* Assets.xcassets */; };
		312EA2B72B5A5D810099D628 /* Preview Assets.xcassets in Resources */ = {isa = PBXBuildFile; fileRef = 312EA2B62B5A5D810099D628 /* Preview Assets.xcassets */; };
		312EA2C12B5A5D810099D628 /* IOS_A01_1Tests.swift in Sources */ = {isa = PBXBuildFile; fileRef = 312EA2C02B5A5D810099D628 /* IOS_A01_1Tests.swift */; };
		312EA2CB2B5A5D810099D628 /* IOS_A01_1UITests.swift in Sources */ = {isa = PBXBuildFile; fileRef = 312EA2CA2B5A5D810099D628 /* IOS_A01_1UITests.swift */; };
		312EA2CD2B5A5D810099D628 /* IOS_A01_1UITestsLaunchTests.swift in Sources */ = {isa = PBXBuildFile; fileRef = 312EA2CC2B5A5D810099D628 /* IOS_A01_1UITestsLaunchTests.swift */; };
		312EA2DB2B5A5FF00099D628 /* Game.swift in Sources */ = {isa = PBXBuildFile; fileRef = 312EA2DA2B5A5FF00099D628 /* Game.swift */; };
		312EA2DD2B5A5FFD0099D628 /* Number.swift in Sources */ = {isa = PBXBuildFile; fileRef = 312EA2DC2B5A5FFD0099D628 /* Number.swift */; };
/* End PBXBuildFile section */

/* Begin PBXContainerItemProxy section */
		312EA2BD2B5A5D810099D628 /* PBXContainerItemProxy */ = {
			isa = PBXContainerItemProxy;
			containerPortal = 312EA2A42B5A5D7E0099D628 /* Project object */;
			proxyType = 1;
			remoteGlobalIDString = 312EA2AB2B5A5D7E0099D628;
			remoteInfo = IOS_A01_1;
		};
		312EA2C72B5A5D810099D628 /* PBXContainerItemProxy */ = {
			isa = PBXContainerItemProxy;
			containerPortal = 312EA2A42B5A5D7E0099D628 /* Project object */;
			proxyType = 1;
			remoteGlobalIDString = 312EA2AB2B5A5D7E0099D628;
			remoteInfo = IOS_A01_1;
		};
/* End PBXContainerItemProxy section */

/* Begin PBXFileReference section */
		312EA2AC2B5A5D7E0099D628 /* IOS_A01_1.app */ = {isa = PBXFileReference; explicitFileType = wrapper.application; includeInIndex = 0; path = IOS_A01_1.app; sourceTree = BUILT_PRODUCTS_DIR; };
		312EA2AF2B5A5D7E0099D628 /* IOS_A01_1App.swift */ = {isa = PBXFileReference; lastKnownFileType = sourcecode.swift; path = IOS_A01_1App.swift; sourceTree = "<group>"; };
		312EA2B12B5A5D7E0099D628 /* ContentView.swift */ = {isa = PBXFileReference; lastKnownFileType = sourcecode.swift; path = ContentView.swift; sourceTree = "<group>"; };
		312EA2B32B5A5D810099D628 /* Assets.xcassets */ = {isa = PBXFileReference; lastKnownFileType = folder.assetcatalog; path = Assets.xcassets; sourceTree = "<group>"; };
		312EA2B62B5A5D810099D628 /* Preview Assets.xcassets */ = {isa = PBXFileReference; lastKnownFileType = folder.assetcatalog; path = "Preview Assets.xcassets"; sourceTree = "<group>"; };
		312EA2BC2B5A5D810099D628 /* IOS_A01_1Tests.xctest */ = {isa = PBXFileReference; explicitFileType = wrapper.cfbundle; includeInIndex = 0; path = IOS_A01_1Tests.xctest; sourceTree = BUILT_PRODUCTS_DIR; };
		312EA2C02B5A5D810099D628 /* IOS_A01_1Tests.swift */ = {isa = PBXFileReference; lastKnownFileType = sourcecode.swift; path = IOS_A01_1Tests.swift; sourceTree = "<group>"; };
		312EA2C62B5A5D810099D628 /* IOS_A01_1UITests.xctest */ = {isa = PBXFileReference; explicitFileType = wrapper.cfbundle; includeInIndex = 0; path = IOS_A01_1UITests.xctest; sourceTree = BUILT_PRODUCTS_DIR; };
		312EA2CA2B5A5D810099D628 /* IOS_A01_1UITests.swift */ = {isa = PBXFileReference; lastKnownFileType = sourcecode.swift; path = IOS_A01_1UITests.swift; sourceTree = "<group>"; };
		312EA2CC2B5A5D810099D628 /* IOS_A01_1UITestsLaunchTests.swift */ = {isa = PBXFileReference; lastKnownFileType = sourcecode.swift; path = IOS_A01_1UITestsLaunchTests.swift; sourceTree = "<group>"; };
		312EA2DA2B5A5FF00099D628 /* Game.swift */ = {isa = PBXFileReference; lastKnownFileType = sourcecode.swift; path = Game.swift; sourceTree = "<group>"; };
		312EA2DC2B5A5FFD0099D628 /* Number.swift */ = {isa = PBXFileReference; lastKnownFileType = sourcecode.swift; path = Number.swift; sourceTree = "<group>"; };
		31E9909B2B63825400168745 /* cat-meow.avif */ = {isa = PBXFileReference; lastKnownFileType = file; name = "cat-meow.avif"; path = "../../../../Downloads/cat-meow.avif"; sourceTree = "<group>"; };
		31E9909C2B6382EF00168745 /* cat-meow.avif */ = {isa = PBXFileReference; lastKnownFileType = file; path = "cat-meow.avif"; sourceTree = "<group>"; };
/* End PBXFileReference section */

/* Begin PBXFrameworksBuildPhase section */
		312EA2A92B5A5D7E0099D628 /* Frameworks */ = {
			isa = PBXFrameworksBuildPhase;
			buildActionMask = 2147483647;
			files = (
			);
			runOnlyForDeploymentPostprocessing = 0;
		};
		312EA2B92B5A5D810099D628 /* Frameworks */ = {
			isa = PBXFrameworksBuildPhase;
			buildActionMask = 2147483647;
			files = (
			);
			runOnlyForDeploymentPostprocessing = 0;
		};
		312EA2C32B5A5D810099D628 /* Frameworks */ = {
			isa = PBXFrameworksBuildPhase;
			buildActionMask = 2147483647;
			files = (
			);
			runOnlyForDeploymentPostprocessing = 0;
		};
/* End PBXFrameworksBuildPhase section */

/* Begin PBXGroup section */
		312EA2A32B5A5D7E0099D628 = {
			isa = PBXGroup;
			children = (
				312EA2AE2B5A5D7E0099D628 /* IOS_A01_1 */,
				312EA2BF2B5A5D810099D628 /* IOS_A01_1Tests */,
				312EA2C92B5A5D810099D628 /* IOS_A01_1UITests */,
				312EA2AD2B5A5D7E0099D628 /* Products */,
			);
			sourceTree = "<group>";
		};
		312EA2AD2B5A5D7E0099D628 /* Products */ = {
			isa = PBXGroup;
			children = (
				312EA2AC2B5A5D7E0099D628 /* IOS_A01_1.app */,
				312EA2BC2B5A5D810099D628 /* IOS_A01_1Tests.xctest */,
				312EA2C62B5A5D810099D628 /* IOS_A01_1UITests.xctest */,
			);
			name = Products;
			sourceTree = "<group>";
		};
		312EA2AE2B5A5D7E0099D628 /* IOS_A01_1 */ = {
			isa = PBXGroup;
			children = (
				312EA2D92B5A5FCE0099D628 /* Model */,
				312EA2AF2B5A5D7E0099D628 /* IOS_A01_1App.swift */,
				312EA2B12B5A5D7E0099D628 /* ContentView.swift */,
				31E9909C2B6382EF00168745 /* cat-meow.avif */,
				312EA2B32B5A5D810099D628 /* Assets.xcassets */,
				312EA2B52B5A5D810099D628 /* Preview Content */,
			);
			path = IOS_A01_1;
			sourceTree = "<group>";
		};
		312EA2B52B5A5D810099D628 /* Preview Content */ = {
			isa = PBXGroup;
			children = (
				312EA2B62B5A5D810099D628 /* Preview Assets.xcassets */,
			);
			path = "Preview Content";
			sourceTree = "<group>";
		};
		312EA2BF2B5A5D810099D628 /* IOS_A01_1Tests */ = {
			isa = PBXGroup;
			children = (
				312EA2C02B5A5D810099D628 /* IOS_A01_1Tests.swift */,
			);
			path = IOS_A01_1Tests;
			sourceTree = "<group>";
		};
		312EA2C92B5A5D810099D628 /* IOS_A01_1UITests */ = {
			isa = PBXGroup;
			children = (
				312EA2CA2B5A5D810099D628 /* IOS_A01_1UITests.swift */,
				312EA2CC2B5A5D810099D628 /* IOS_A01_1UITestsLaunchTests.swift */,
			);
			path = IOS_A01_1UITests;
			sourceTree = "<group>";
		};
		312EA2D92B5A5FCE0099D628 /* Model */ = {
			isa = PBXGroup;
			children = (
				312EA2DA2B5A5FF00099D628 /* Game.swift */,
				312EA2DC2B5A5FFD0099D628 /* Number.swift */,
				31E9909B2B63825400168745 /* cat-meow.avif */,
			);
			path = Model;
			sourceTree = "<group>";
		};
/* End PBXGroup section */

/* Begin PBXNativeTarget section */
		312EA2AB2B5A5D7E0099D628 /* IOS_A01_1 */ = {
			isa = PBXNativeTarget;
			buildConfigurationList = 312EA2D02B5A5D810099D628 /* Build configuration list for PBXNativeTarget "IOS_A01_1" */;
			buildPhases = (
				312EA2A82B5A5D7E0099D628 /* Sources */,
				312EA2A92B5A5D7E0099D628 /* Frameworks */,
				312EA2AA2B5A5D7E0099D628 /* Resources */,
			);
			buildRules = (
			);
			dependencies = (
			);
			name = IOS_A01_1;
			productName = IOS_A01_1;
			productReference = 312EA2AC2B5A5D7E0099D628 /* IOS_A01_1.app */;
			productType = "com.apple.product-type.application";
		};
		312EA2BB2B5A5D810099D628 /* IOS_A01_1Tests */ = {
			isa = PBXNativeTarget;
			buildConfigurationList = 312EA2D32B5A5D810099D628 /* Build configuration list for PBXNativeTarget "IOS_A01_1Tests" */;
			buildPhases = (
				312EA2B82B5A5D810099D628 /* Sources */,
				312EA2B92B5A5D810099D628 /* Frameworks */,
				312EA2BA2B5A5D810099D628 /* Resources */,
			);
			buildRules = (
			);
			dependencies = (
				312EA2BE2B5A5D810099D628 /* PBXTargetDependency */,
			);
			name = IOS_A01_1Tests;
			productName = IOS_A01_1Tests;
			productReference = 312EA2BC2B5A5D810099D628 /* IOS_A01_1Tests.xctest */;
			productType = "com.apple.product-type.bundle.unit-test";
		};
		312EA2C52B5A5D810099D628 /* IOS_A01_1UITests */ = {
			isa = PBXNativeTarget;
			buildConfigurationList = 312EA2D62B5A5D810099D628 /* Build configuration list for PBXNativeTarget "IOS_A01_1UITests" */;
			buildPhases = (
				312EA2C22B5A5D810099D628 /* Sources */,
				312EA2C32B5A5D810099D628 /* Frameworks */,
				312EA2C42B5A5D810099D628 /* Resources */,
			);
			buildRules = (
			);
			dependencies = (
				312EA2C82B5A5D810099D628 /* PBXTargetDependency */,
			);
			name = IOS_A01_1UITests;
			productName = IOS_A01_1UITests;
			productReference = 312EA2C62B5A5D810099D628 /* IOS_A01_1UITests.xctest */;
			productType = "com.apple.product-type.bundle.ui-testing";
		};
/* End PBXNativeTarget section */

/* Begin PBXProject section */
		312EA2A42B5A5D7E0099D628 /* Project object */ = {
			isa = PBXProject;
			attributes = {
				BuildIndependentTargetsInParallel = 1;
				LastSwiftUpdateCheck = 1420;
				LastUpgradeCheck = 1420;
				TargetAttributes = {
					312EA2AB2B5A5D7E0099D628 = {
						CreatedOnToolsVersion = 14.2;
					};
					312EA2BB2B5A5D810099D628 = {
						CreatedOnToolsVersion = 14.2;
						TestTargetID = 312EA2AB2B5A5D7E0099D628;
					};
					312EA2C52B5A5D810099D628 = {
						CreatedOnToolsVersion = 14.2;
						TestTargetID = 312EA2AB2B5A5D7E0099D628;
					};
				};
			};
			buildConfigurationList = 312EA2A72B5A5D7E0099D628 /* Build configuration list for PBXProject "IOS_A01_1" */;
			compatibilityVersion = "Xcode 14.0";
			developmentRegion = en;
			hasScannedForEncodings = 0;
			knownRegions = (
				en,
				Base,
			);
			mainGroup = 312EA2A32B5A5D7E0099D628;
			productRefGroup = 312EA2AD2B5A5D7E0099D628 /* Products */;
			projectDirPath = "";
			projectRoot = "";
			targets = (
				312EA2AB2B5A5D7E0099D628 /* IOS_A01_1 */,
				312EA2BB2B5A5D810099D628 /* IOS_A01_1Tests */,
				312EA2C52B5A5D810099D628 /* IOS_A01_1UITests */,
			);
		};
/* End PBXProject section */

/* Begin PBXResourcesBuildPhase section */
		312EA2AA2B5A5D7E0099D628 /* Resources */ = {
			isa = PBXResourcesBuildPhase;
			buildActionMask = 2147483647;
			files = (
				312EA2B72B5A5D810099D628 /* Preview Assets.xcassets in Resources */,
				312EA2B42B5A5D810099D628 /* Assets.xcassets in Resources */,
			);
			runOnlyForDeploymentPostprocessing = 0;
		};
		312EA2BA2B5A5D810099D628 /* Resources */ = {
			isa = PBXResourcesBuildPhase;
			buildActionMask = 2147483647;
			files = (
			);
			runOnlyForDeploymentPostprocessing = 0;
		};
		312EA2C42B5A5D810099D628 /* Resources */ = {
			isa = PBXResourcesBuildPhase;
			buildActionMask = 2147483647;
			files = (
			);
			runOnlyForDeploymentPostprocessing = 0;
		};
/* End PBXResourcesBuildPhase section */

/* Begin PBXSourcesBuildPhase section */
		312EA2A82B5A5D7E0099D628 /* Sources */ = {
			isa = PBXSourcesBuildPhase;
			buildActionMask = 2147483647;
			files = (
				312EA2B22B5A5D7E0099D628 /* ContentView.swift in Sources */,
				312EA2DB2B5A5FF00099D628 /* Game.swift in Sources */,
				312EA2B02B5A5D7E0099D628 /* IOS_A01_1App.swift in Sources */,
				312EA2DD2B5A5FFD0099D628 /* Number.swift in Sources */,
			);
			runOnlyForDeploymentPostprocessing = 0;
		};
		312EA2B82B5A5D810099D628 /* Sources */ = {
			isa = PBXSourcesBuildPhase;
			buildActionMask = 2147483647;
			files = (
				312EA2C12B5A5D810099D628 /* IOS_A01_1Tests.swift in Sources */,
			);
			runOnlyForDeploymentPostprocessing = 0;
		};
		312EA2C22B5A5D810099D628 /* Sources */ = {
			isa = PBXSourcesBuildPhase;
			buildActionMask = 2147483647;
			files = (
				312EA2CB2B5A5D810099D628 /* IOS_A01_1UITests.swift in Sources */,
				312EA2CD2B5A5D810099D628 /* IOS_A01_1UITestsLaunchTests.swift in Sources */,
			);
			runOnlyForDeploymentPostprocessing = 0;
		};
/* End PBXSourcesBuildPhase section */

/* Begin PBXTargetDependency section */
		312EA2BE2B5A5D810099D628 /* PBXTargetDependency */ = {
			isa = PBXTargetDependency;
			target = 312EA2AB2B5A5D7E0099D628 /* IOS_A01_1 */;
			targetProxy = 312EA2BD2B5A5D810099D628 /* PBXContainerItemProxy */;
		};
		312EA2C82B5A5D810099D628 /* PBXTargetDependency */ = {
			isa = PBXTargetDependency;
			target = 312EA2AB2B5A5D7E0099D628 /* IOS_A01_1 */;
			targetProxy = 312EA2C72B5A5D810099D628 /* PBXContainerItemProxy */;
		};
/* End PBXTargetDependency section */

/* Begin XCBuildConfiguration section */
		312EA2CE2B5A5D810099D628 /* Debug */ = {
			isa = XCBuildConfiguration;
			buildSettings = {
				ALWAYS_SEARCH_USER_PATHS = NO;
				CLANG_ANALYZER_NONNULL = YES;
				CLANG_ANALYZER_NUMBER_OBJECT_CONVERSION = YES_AGGRESSIVE;
				CLANG_CXX_LANGUAGE_STANDARD = "gnu++20";
				CLANG_ENABLE_MODULES = YES;
				CLANG_ENABLE_OBJC_ARC = YES;
				CLANG_ENABLE_OBJC_WEAK = YES;
				CLANG_WARN_BLOCK_CAPTURE_AUTORELEASING = YES;
				CLANG_WARN_BOOL_CONVERSION = YES;
				CLANG_WARN_COMMA = YES;
				CLANG_WARN_CONSTANT_CONVERSION = YES;
				CLANG_WARN_DEPRECATED_OBJC_IMPLEMENTATIONS = YES;
				CLANG_WARN_DIRECT_OBJC_ISA_USAGE = YES_ERROR;
				CLANG_WARN_DOCUMENTATION_COMMENTS = YES;
				CLANG_WARN_EMPTY_BODY = YES;
				CLANG_WARN_ENUM_CONVERSION = YES;
				CLANG_WARN_INFINITE_RECURSION = YES;
				CLANG_WARN_INT_CONVERSION = YES;
				CLANG_WARN_NON_LITERAL_NULL_CONVERSION = YES;
				CLANG_WARN_OBJC_IMPLICIT_RETAIN_SELF = YES;
				CLANG_WARN_OBJC_LITERAL_CONVERSION = YES;
				CLANG_WARN_OBJC_ROOT_CLASS = YES_ERROR;
				CLANG_WARN_QUOTED_INCLUDE_IN_FRAMEWORK_HEADER = YES;
				CLANG_WARN_RANGE_LOOP_ANALYSIS = YES;
				CLANG_WARN_STRICT_PROTOTYPES = YES;
				CLANG_WARN_SUSPICIOUS_MOVE = YES;
				CLANG_WARN_UNGUARDED_AVAILABILITY = YES_AGGRESSIVE;
				CLANG_WARN_UNREACHABLE_CODE = YES;
				CLANG_WARN__DUPLICATE_METHOD_MATCH = YES;
				COPY_PHASE_STRIP = NO;
				DEBUG_INFORMATION_FORMAT = dwarf;
				ENABLE_STRICT_OBJC_MSGSEND = YES;
				ENABLE_TESTABILITY = YES;
				GCC_C_LANGUAGE_STANDARD = gnu11;
				GCC_DYNAMIC_NO_PIC = NO;
				GCC_NO_COMMON_BLOCKS = YES;
				GCC_OPTIMIZATION_LEVEL = 0;
				GCC_PREPROCESSOR_DEFINITIONS = (
					"DEBUG=1",
					"$(inherited)",
				);
				GCC_WARN_64_TO_32_BIT_CONVERSION = YES;
				GCC_WARN_ABOUT_RETURN_TYPE = YES_ERROR;
				GCC_WARN_UNDECLARED_SELECTOR = YES;
				GCC_WARN_UNINITIALIZED_AUTOS = YES_AGGRESSIVE;
				GCC_WARN_UNUSED_FUNCTION = YES;
				GCC_WARN_UNUSED_VARIABLE = YES;
				IPHONEOS_DEPLOYMENT_TARGET = 16.2;
				MTL_ENABLE_DEBUG_INFO = INCLUDE_SOURCE;
				MTL_FAST_MATH = YES;
				ONLY_ACTIVE_ARCH = YES;
				SDKROOT = iphoneos;
				SWIFT_ACTIVE_COMPILATION_CONDITIONS = DEBUG;
				SWIFT_OPTIMIZATION_LEVEL = "-Onone";
			};
			name = Debug;
		};
		312EA2CF2B5A5D810099D628 /* Release */ = {
			isa = XCBuildConfiguration;
			buildSettings = {
				ALWAYS_SEARCH_USER_PATHS = NO;
				CLANG_ANALYZER_NONNULL = YES;
				CLANG_ANALYZER_NUMBER_OBJECT_CONVERSION = YES_AGGRESSIVE;
				CLANG_CXX_LANGUAGE_STANDARD = "gnu++20";
				CLANG_ENABLE_MODULES = YES;
				CLANG_ENABLE_OBJC_ARC = YES;
				CLANG_ENABLE_OBJC_WEAK = YES;
				CLANG_WARN_BLOCK_CAPTURE_AUTORELEASING = YES;
				CLANG_WARN_BOOL_CONVERSION = YES;
				CLANG_WARN_COMMA = YES;
				CLANG_WARN_CONSTANT_CONVERSION = YES;
				CLANG_WARN_DEPRECATED_OBJC_IMPLEMENTATIONS = YES;
				CLANG_WARN_DIRECT_OBJC_ISA_USAGE = YES_ERROR;
				CLANG_WARN_DOCUMENTATION_COMMENTS = YES;
				CLANG_WARN_EMPTY_BODY = YES;
				CLANG_WARN_ENUM_CONVERSION = YES;
				CLANG_WARN_INFINITE_RECURSION = YES;
				CLANG_WARN_INT_CONVERSION = YES;
				CLANG_WARN_NON_LITERAL_NULL_CONVERSION = YES;
				CLANG_WARN_OBJC_IMPLICIT_RETAIN_SELF = YES;
				CLANG_WARN_OBJC_LITERAL_CONVERSION = YES;
				CLANG_WARN_OBJC_ROOT_CLASS = YES_ERROR;
				CLANG_WARN_QUOTED_INCLUDE_IN_FRAMEWORK_HEADER = YES;
				CLANG_WARN_RANGE_LOOP_ANALYSIS = YES;
				CLANG_WARN_STRICT_PROTOTYPES = YES;
				CLANG_WARN_SUSPICIOUS_MOVE = YES;
				CLANG_WARN_UNGUARDED_AVAILABILITY = YES_AGGRESSIVE;
				CLANG_WARN_UNREACHABLE_CODE = YES;
				CLANG_WARN__DUPLICATE_METHOD_MATCH = YES;
				COPY_PHASE_STRIP = NO;
				DEBUG_INFORMATION_FORMAT = "dwarf-with-dsym";
				ENABLE_NS_ASSERTIONS = NO;
				ENABLE_STRICT_OBJC_MSGSEND = YES;
				GCC_C_LANGUAGE_STANDARD = gnu11;
				GCC_NO_COMMON_BLOCKS = YES;
				GCC_WARN_64_TO_32_BIT_CONVERSION = YES;
				GCC_WARN_ABOUT_RETURN_TYPE = YES_ERROR;
				GCC_WARN_UNDECLARED_SELECTOR = YES;
				GCC_WARN_UNINITIALIZED_AUTOS = YES_AGGRESSIVE;
				GCC_WARN_UNUSED_FUNCTION = YES;
				GCC_WARN_UNUSED_VARIABLE = YES;
				IPHONEOS_DEPLOYMENT_TARGET = 16.2;
				MTL_ENABLE_DEBUG_INFO = NO;
				MTL_FAST_MATH = YES;
				SDKROOT = iphoneos;
				SWIFT_COMPILATION_MODE = wholemodule;
				SWIFT_OPTIMIZATION_LEVEL = "-O";
				VALIDATE_PRODUCT = YES;
			};
			name = Release;
		};
		312EA2D12B5A5D810099D628 /* Debug */ = {
			isa = XCBuildConfiguration;
			buildSettings = {
				ASSETCATALOG_COMPILER_APPICON_NAME = AppIcon;
				ASSETCATALOG_COMPILER_GLOBAL_ACCENT_COLOR_NAME = AccentColor;
				CODE_SIGN_STYLE = Automatic;
				CURRENT_PROJECT_VERSION = 1;
				DEVELOPMENT_ASSET_PATHS = "\"IOS_A01_1/Preview Content\"";
				DEVELOPMENT_TEAM = YFZDC9T4S3;
				ENABLE_PREVIEWS = YES;
				GENERATE_INFOPLIST_FILE = YES;
				INFOPLIST_KEY_UIApplicationSceneManifest_Generation = YES;
				INFOPLIST_KEY_UIApplicationSupportsIndirectInputEvents = YES;
				INFOPLIST_KEY_UILaunchScreen_Generation = YES;
				INFOPLIST_KEY_UISupportedInterfaceOrientations_iPad = "UIInterfaceOrientationPortrait UIInterfaceOrientationPortraitUpsideDown UIInterfaceOrientationLandscapeLeft UIInterfaceOrientationLandscapeRight";
				INFOPLIST_KEY_UISupportedInterfaceOrientations_iPhone = "UIInterfaceOrientationPortrait UIInterfaceOrientationLandscapeLeft UIInterfaceOrientationLandscapeRight";
				LD_RUNPATH_SEARCH_PATHS = (
					"$(inherited)",
					"@executable_path/Frameworks",
				);
				MARKETING_VERSION = 1.0;
				PRODUCT_BUNDLE_IDENTIFIER = "IOS.IOS-A01-1";
				PRODUCT_NAME = "$(TARGET_NAME)";
				SWIFT_EMIT_LOC_STRINGS = YES;
				SWIFT_VERSION = 5.0;
				TARGETED_DEVICE_FAMILY = "1,2";
			};
			name = Debug;
		};
		312EA2D22B5A5D810099D628 /* Release */ = {
			isa = XCBuildConfiguration;
			buildSettings = {
				ASSETCATALOG_COMPILER_APPICON_NAME = AppIcon;
				ASSETCATALOG_COMPILER_GLOBAL_ACCENT_COLOR_NAME = AccentColor;
				CODE_SIGN_STYLE = Automatic;
				CURRENT_PROJECT_VERSION = 1;
				DEVELOPMENT_ASSET_PATHS = "\"IOS_A01_1/Preview Content\"";
				DEVELOPMENT_TEAM = YFZDC9T4S3;
				ENABLE_PREVIEWS = YES;
				GENERATE_INFOPLIST_FILE = YES;
				INFOPLIST_KEY_UIApplicationSceneManifest_Generation = YES;
				INFOPLIST_KEY_UIApplicationSupportsIndirectInputEvents = YES;
				INFOPLIST_KEY_UILaunchScreen_Generation = YES;
				INFOPLIST_KEY_UISupportedInterfaceOrientations_iPad = "UIInterfaceOrientationPortrait UIInterfaceOrientationPortraitUpsideDown UIInterfaceOrientationLandscapeLeft UIInterfaceOrientationLandscapeRight";
				INFOPLIST_KEY_UISupportedInterfaceOrientations_iPhone = "UIInterfaceOrientationPortrait UIInterfaceOrientationLandscapeLeft UIInterfaceOrientationLandscapeRight";
				LD_RUNPATH_SEARCH_PATHS = (
					"$(inherited)",
					"@executable_path/Frameworks",
				);
				MARKETING_VERSION = 1.0;
				PRODUCT_BUNDLE_IDENTIFIER = "IOS.IOS-A01-1";
				PRODUCT_NAME = "$(TARGET_NAME)";
				SWIFT_EMIT_LOC_STRINGS = YES;
				SWIFT_VERSION = 5.0;
				TARGETED_DEVICE_FAMILY = "1,2";
			};
			name = Release;
		};
		312EA2D42B5A5D810099D628 /* Debug */ = {
			isa = XCBuildConfiguration;
			buildSettings = {
				ALWAYS_EMBED_SWIFT_STANDARD_LIBRARIES = YES;
				BUNDLE_LOADER = "$(TEST_HOST)";
				CODE_SIGN_STYLE = Automatic;
				CURRENT_PROJECT_VERSION = 1;
				DEVELOPMENT_TEAM = YFZDC9T4S3;
				GENERATE_INFOPLIST_FILE = YES;
				IPHONEOS_DEPLOYMENT_TARGET = 16.2;
				MARKETING_VERSION = 1.0;
				PRODUCT_BUNDLE_IDENTIFIER = "IOS.IOS-A01-1Tests";
				PRODUCT_NAME = "$(TARGET_NAME)";
				SWIFT_EMIT_LOC_STRINGS = NO;
				SWIFT_VERSION = 5.0;
				TARGETED_DEVICE_FAMILY = "1,2";
				TEST_HOST = "$(BUILT_PRODUCTS_DIR)/IOS_A01_1.app/$(BUNDLE_EXECUTABLE_FOLDER_PATH)/IOS_A01_1";
			};
			name = Debug;
		};
		312EA2D52B5A5D810099D628 /* Release */ = {
			isa = XCBuildConfiguration;
			buildSettings = {
				ALWAYS_EMBED_SWIFT_STANDARD_LIBRARIES = YES;
				BUNDLE_LOADER = "$(TEST_HOST)";
				CODE_SIGN_STYLE = Automatic;
				CURRENT_PROJECT_VERSION = 1;
				DEVELOPMENT_TEAM = YFZDC9T4S3;
				GENERATE_INFOPLIST_FILE = YES;
				IPHONEOS_DEPLOYMENT_TARGET = 16.2;
				MARKETING_VERSION = 1.0;
				PRODUCT_BUNDLE_IDENTIFIER = "IOS.IOS-A01-1Tests";
				PRODUCT_NAME = "$(TARGET_NAME)";
				SWIFT_EMIT_LOC_STRINGS = NO;
				SWIFT_VERSION = 5.0;
				TARGETED_DEVICE_FAMILY = "1,2";
				TEST_HOST = "$(BUILT_PRODUCTS_DIR)/IOS_A01_1.app/$(BUNDLE_EXECUTABLE_FOLDER_PATH)/IOS_A01_1";
			};
			name = Release;
		};
		312EA2D72B5A5D810099D628 /* Debug */ = {
			isa = XCBuildConfiguration;
			buildSettings = {
				ALWAYS_EMBED_SWIFT_STANDARD_LIBRARIES = YES;
				CODE_SIGN_STYLE = Automatic;
				CURRENT_PROJECT_VERSION = 1;
				DEVELOPMENT_TEAM = YFZDC9T4S3;
				GENERATE_INFOPLIST_FILE = YES;
				MARKETING_VERSION = 1.0;
				PRODUCT_BUNDLE_IDENTIFIER = "IOS.IOS-A01-1UITests";
				PRODUCT_NAME = "$(TARGET_NAME)";
				SWIFT_EMIT_LOC_STRINGS = NO;
				SWIFT_VERSION = 5.0;
				TARGETED_DEVICE_FAMILY = "1,2";
				TEST_TARGET_NAME = IOS_A01_1;
			};
			name = Debug;
		};
		312EA2D82B5A5D810099D628 /* Release */ = {
			isa = XCBuildConfiguration;
			buildSettings = {
				ALWAYS_EMBED_SWIFT_STANDARD_LIBRARIES = YES;
				CODE_SIGN_STYLE = Automatic;
				CURRENT_PROJECT_VERSION = 1;
				DEVELOPMENT_TEAM = YFZDC9T4S3;
				GENERATE_INFOPLIST_FILE = YES;
				MARKETING_VERSION = 1.0;
				PRODUCT_BUNDLE_IDENTIFIER = "IOS.IOS-A01-1UITests";
				PRODUCT_NAME = "$(TARGET_NAME)";
				SWIFT_EMIT_LOC_STRINGS = NO;
				SWIFT_VERSION = 5.0;
				TARGETED_DEVICE_FAMILY = "1,2";
				TEST_TARGET_NAME = IOS_A01_1;
			};
			name = Release;
		};
/* End XCBuildConfiguration section */

/* Begin XCConfigurationList section */
		312EA2A72B5A5D7E0099D628 /* Build configuration list for PBXProject "IOS_A01_1" */ = {
			isa = XCConfigurationList;
			buildConfigurations = (
				312EA2CE2B5A5D810099D628 /* Debug */,
				312EA2CF2B5A5D810099D628 /* Release */,
			);
			defaultConfigurationIsVisible = 0;
			defaultConfigurationName = Release;
		};
		312EA2D02B5A5D810099D628 /* Build configuration list for PBXNativeTarget "IOS_A01_1" */ = {
			isa = XCConfigurationList;
			buildConfigurations = (
				312EA2D12B5A5D810099D628 /* Debug */,
				312EA2D22B5A5D810099D628 /* Release */,
			);
			defaultConfigurationIsVisible = 0;
			defaultConfigurationName = Release;
		};
		312EA2D32B5A5D810099D628 /* Build configuration list for PBXNativeTarget "IOS_A01_1Tests" */ = {
			isa = XCConfigurationList;
			buildConfigurations = (
				312EA2D42B5A5D810099D628 /* Debug */,
				312EA2D52B5A5D810099D628 /* Release */,
			);
			defaultConfigurationIsVisible = 0;
			defaultConfigurationName = Release;
		};
		312EA2D62B5A5D810099D628 /* Build configuration list for PBXNativeTarget "IOS_A01_1UITests" */ = {
			isa = XCConfigurationList;
			buildConfigurations = (
				312EA2D72B5A5D810099D628 /* Debug */,
				312EA2D82B5A5D810099D628 /* Release */,
			);
			defaultConfigurationIsVisible = 0;
			defaultConfigurationName = Release;
		};
/* End XCConfigurationList section */
	};
	rootObject = 312EA2A42B5A5D7E0099D628 /* Project object */;
}
